
Microsoft Visual Studio Solution File, Format Version 12.00
Project("{FAE04EC0-301F-11D3-BF4B-00C04F79EFBC}") = "AdventOfCode", "AdventOfCode\AdventOfCode.csproj", "{12BF61EE-E1BD-46BB-A9EB-0D61FE7F2796}"
EndProject
Global
	GlobalSection(SolutionConfigurationPlatforms) = preSolution
		Debug|Any CPU = Debug|Any CPU
		Release|Any CPU = Release|Any CPU
	EndGlobalSection
	GlobalSection(ProjectConfigurationPlatforms) = postSolution
		{12BF61EE-E1BD-46BB-A9EB-0D61FE7F2796}.Debug|Any CPU.ActiveCfg = Debug|Any CPU
		{12BF61EE-E1BD-46BB-A9EB-0D61FE7F2796}.Debug|Any CPU.Build.0 = Debug|Any CPU
		{12BF61EE-E1BD-46BB-A9EB-0D61FE7F2796}.Release|Any CPU.ActiveCfg = Release|Any CPU
		{12BF61EE-E1BD-46BB-A9EB-0D61FE7F2796}.Release|Any CPU.Build.0 = Release|Any CPU
	EndGlobalSection
EndGlobal
