
Microsoft Visual Studio Solution File, Format Version 12.00
Project("{FAE04EC0-301F-11D3-BF4B-00C04F79EFBC}") = "Day3", "Day3\Day3.csproj", "{D8EAF105-B486-49D4-B463-55D9E369E5AB}"
EndProject
Project("{FAE04EC0-301F-11D3-BF4B-00C04F79EFBC}") = "Day4", "Day4\Day4.csproj", "{4E9924CF-08F5-48E4-B0FE-6B7E14276A8C}"
EndProject
Project("{FAE04EC0-301F-11D3-BF4B-00C04F79EFBC}") = "Day5", "Day5\Day5.csproj", "{E47A4A9F-75F0-41C2-A933-3A32E49A2F9D}"
EndProject
Project("{FAE04EC0-301F-11D3-BF4B-00C04F79EFBC}") = "Day6", "Day6\Day6.csproj", "{87131FE8-7A83-4BA3-8E13-AB54E828A5D7}"
EndProject
Project("{FAE04EC0-301F-11D3-BF4B-00C04F79EFBC}") = "Day6_part2", "Day6_part2\Day6_part2.csproj", "{43489F16-A13F-4F7B-B430-26F408E933D2}"
EndProject
Project("{FAE04EC0-301F-11D3-BF4B-00C04F79EFBC}") = "Day7", "Day7\Day7.csproj", "{57BAEC60-6AB8-4922-B923-1EE9ADAB97A4}"
EndProject
Project("{FAE04EC0-301F-11D3-BF4B-00C04F79EFBC}") = "Day7_part2", "Day7_part2\Day7_part2.csproj", "{44E3E98B-6149-43B9-AD74-A633E07CCAEE}"
EndProject
Project("{FAE04EC0-301F-11D3-BF4B-00C04F79EFBC}") = "Day8", "Day8\Day8.csproj", "{102CD62B-AC7F-4FDC-A4C6-AB5B78BE0960}"
EndProject
Global
	GlobalSection(SolutionConfigurationPlatforms) = preSolution
		Debug|Any CPU = Debug|Any CPU
		Release|Any CPU = Release|Any CPU
	EndGlobalSection
	GlobalSection(ProjectConfigurationPlatforms) = postSolution
		{D8EAF105-B486-49D4-B463-55D9E369E5AB}.Debug|Any CPU.ActiveCfg = Debug|Any CPU
		{D8EAF105-B486-49D4-B463-55D9E369E5AB}.Debug|Any CPU.Build.0 = Debug|Any CPU
		{D8EAF105-B486-49D4-B463-55D9E369E5AB}.Release|Any CPU.ActiveCfg = Release|Any CPU
		{D8EAF105-B486-49D4-B463-55D9E369E5AB}.Release|Any CPU.Build.0 = Release|Any CPU
		{4E9924CF-08F5-48E4-B0FE-6B7E14276A8C}.Debug|Any CPU.ActiveCfg = Debug|Any CPU
		{4E9924CF-08F5-48E4-B0FE-6B7E14276A8C}.Debug|Any CPU.Build.0 = Debug|Any CPU
		{4E9924CF-08F5-48E4-B0FE-6B7E14276A8C}.Release|Any CPU.ActiveCfg = Release|Any CPU
		{4E9924CF-08F5-48E4-B0FE-6B7E14276A8C}.Release|Any CPU.Build.0 = Release|Any CPU
		{E47A4A9F-75F0-41C2-A933-3A32E49A2F9D}.Debug|Any CPU.ActiveCfg = Debug|Any CPU
		{E47A4A9F-75F0-41C2-A933-3A32E49A2F9D}.Debug|Any CPU.Build.0 = Debug|Any CPU
		{E47A4A9F-75F0-41C2-A933-3A32E49A2F9D}.Release|Any CPU.ActiveCfg = Release|Any CPU
		{E47A4A9F-75F0-41C2-A933-3A32E49A2F9D}.Release|Any CPU.Build.0 = Release|Any CPU
		{87131FE8-7A83-4BA3-8E13-AB54E828A5D7}.Debug|Any CPU.ActiveCfg = Debug|Any CPU
		{87131FE8-7A83-4BA3-8E13-AB54E828A5D7}.Debug|Any CPU.Build.0 = Debug|Any CPU
		{87131FE8-7A83-4BA3-8E13-AB54E828A5D7}.Release|Any CPU.ActiveCfg = Release|Any CPU
		{87131FE8-7A83-4BA3-8E13-AB54E828A5D7}.Release|Any CPU.Build.0 = Release|Any CPU
		{43489F16-A13F-4F7B-B430-26F408E933D2}.Debug|Any CPU.ActiveCfg = Debug|Any CPU
		{43489F16-A13F-4F7B-B430-26F408E933D2}.Debug|Any CPU.Build.0 = Debug|Any CPU
		{43489F16-A13F-4F7B-B430-26F408E933D2}.Release|Any CPU.ActiveCfg = Release|Any CPU
		{43489F16-A13F-4F7B-B430-26F408E933D2}.Release|Any CPU.Build.0 = Release|Any CPU
		{57BAEC60-6AB8-4922-B923-1EE9ADAB97A4}.Debug|Any CPU.ActiveCfg = Debug|Any CPU
		{57BAEC60-6AB8-4922-B923-1EE9ADAB97A4}.Debug|Any CPU.Build.0 = Debug|Any CPU
		{57BAEC60-6AB8-4922-B923-1EE9ADAB97A4}.Release|Any CPU.ActiveCfg = Release|Any CPU
		{57BAEC60-6AB8-4922-B923-1EE9ADAB97A4}.Release|Any CPU.Build.0 = Release|Any CPU
		{44E3E98B-6149-43B9-AD74-A633E07CCAEE}.Debug|Any CPU.ActiveCfg = Debug|Any CPU
		{44E3E98B-6149-43B9-AD74-A633E07CCAEE}.Debug|Any CPU.Build.0 = Debug|Any CPU
		{44E3E98B-6149-43B9-AD74-A633E07CCAEE}.Release|Any CPU.ActiveCfg = Release|Any CPU
		{44E3E98B-6149-43B9-AD74-A633E07CCAEE}.Release|Any CPU.Build.0 = Release|Any CPU
		{102CD62B-AC7F-4FDC-A4C6-AB5B78BE0960}.Debug|Any CPU.ActiveCfg = Debug|Any CPU
		{102CD62B-AC7F-4FDC-A4C6-AB5B78BE0960}.Debug|Any CPU.Build.0 = Debug|Any CPU
		{102CD62B-AC7F-4FDC-A4C6-AB5B78BE0960}.Release|Any CPU.ActiveCfg = Release|Any CPU
		{102CD62B-AC7F-4FDC-A4C6-AB5B78BE0960}.Release|Any CPU.Build.0 = Release|Any CPU
	EndGlobalSection
EndGlobal
